
Microsoft Visual Studio Solution File, Format Version 12.00
# Visual Studio Version 17
VisualStudioVersion = 17.14.36414.22 d17.14
MinimumVisualStudioVersion = 10.0.40219.1
Project("{FAE04EC0-301F-11D3-BF4B-00C04F79EFBC}") = "StudentsApi", "StudentsApi\StudentsApi.csproj", "{2032F7ED-8F42-41DE-B88F-2DBD3224DCFA}"
EndProject
Global
	GlobalSection(SolutionConfigurationPlatforms) = preSolution
		Debug|Any CPU = Debug|Any CPU
		Release|Any CPU = Release|Any CPU
	EndGlobalSection
	GlobalSection(ProjectConfigurationPlatforms) = postSolution
		{2032F7ED-8F42-41DE-B88F-2DBD3224DCFA}.Debug|Any CPU.ActiveCfg = Debug|Any CPU
		{2032F7ED-8F42-41DE-B88F-2DBD3224DCFA}.Debug|Any CPU.Build.0 = Debug|Any CPU
		{2032F7ED-8F42-41DE-B88F-2DBD3224DCFA}.Release|Any CPU.ActiveCfg = Release|Any CPU
		{2032F7ED-8F42-41DE-B88F-2DBD3224DCFA}.Release|Any CPU.Build.0 = Release|Any CPU
	EndGlobalSection
	GlobalSection(SolutionProperties) = preSolution
		HideSolutionNode = FALSE
	EndGlobalSection
	GlobalSection(ExtensibilityGlobals) = postSolution
		SolutionGuid = {75F00EB7-D7D6-4DD6-9FAF-258EE08CCD27}
	EndGlobalSection
EndGlobal
