
Microsoft Visual Studio Solution File, Format Version 12.00
# Visual Studio Version 17
VisualStudioVersion = 17.14.36414.22 d17.14
MinimumVisualStudioVersion = 10.0.40219.1
Project("{FAE04EC0-301F-11D3-BF4B-00C04F79EFBC}") = "Notification", "Notification\Notification.csproj", "{DB407AEE-3D55-400B-850F-CC5BF09B7DC8}"
EndProject
Global
	GlobalSection(SolutionConfigurationPlatforms) = preSolution
		Debug|Any CPU = Debug|Any CPU
		Release|Any CPU = Release|Any CPU
	EndGlobalSection
	GlobalSection(ProjectConfigurationPlatforms) = postSolution
		{DB407AEE-3D55-400B-850F-CC5BF09B7DC8}.Debug|Any CPU.ActiveCfg = Debug|Any CPU
		{DB407AEE-3D55-400B-850F-CC5BF09B7DC8}.Debug|Any CPU.Build.0 = Debug|Any CPU
		{DB407AEE-3D55-400B-850F-CC5BF09B7DC8}.Release|Any CPU.ActiveCfg = Release|Any CPU
		{DB407AEE-3D55-400B-850F-CC5BF09B7DC8}.Release|Any CPU.Build.0 = Release|Any CPU
	EndGlobalSection
	GlobalSection(SolutionProperties) = preSolution
		HideSolutionNode = FALSE
	EndGlobalSection
	GlobalSection(ExtensibilityGlobals) = postSolution
		SolutionGuid = {742E003D-0D73-4465-8F92-26FE9C418445}
	EndGlobalSection
EndGlobal
